
Microsoft Visual Studio Solution File, Format Version 12.00
# Visual Studio Version 16
VisualStudioVersion = 16.0.29709.97
MinimumVisualStudioVersion = 10.0.40219.1
Project("{FAE04EC0-301F-11D3-BF4B-00C04F79EFBC}") = "String Practice", "String Practice.csproj", "{869CAEE5-71C4-44BD-8431-977CA42B0A41}"
EndProject
Global
	GlobalSection(SolutionConfigurationPlatforms) = preSolution
		Debug|Any CPU = Debug|Any CPU
		Release|Any CPU = Release|Any CPU
	EndGlobalSection
	GlobalSection(ProjectConfigurationPlatforms) = postSolution
		{869CAEE5-71C4-44BD-8431-977CA42B0A41}.Debug|Any CPU.ActiveCfg = Debug|Any CPU
		{869CAEE5-71C4-44BD-8431-977CA42B0A41}.Debug|Any CPU.Build.0 = Debug|Any CPU
		{869CAEE5-71C4-44BD-8431-977CA42B0A41}.Release|Any CPU.ActiveCfg = Release|Any CPU
		{869CAEE5-71C4-44BD-8431-977CA42B0A41}.Release|Any CPU.Build.0 = Release|Any CPU
	EndGlobalSection
	GlobalSection(SolutionProperties) = preSolution
		HideSolutionNode = FALSE
	EndGlobalSection
	GlobalSection(ExtensibilityGlobals) = postSolution
		SolutionGuid = {590862A8-FBEF-402A-B3A4-3E3758087A90}
	EndGlobalSection
EndGlobal
